// !$*UTF8*$!
{
	archiveVersion = 1;
	classes = {
	};
	objectVersion = 46;
	objects = {

/* Begin PBXBuildFile section */
		2C040B8F1E2178A200B7B2C7 /* AppDelegate.swift in Sources */ = {isa = PBXBuildFile; fileRef = 2C040B8E1E2178A200B7B2C7 /* AppDelegate.swift */; };
		2C040B911E2178A200B7B2C7 /* ViewController.swift in Sources */ = {isa = PBXBuildFile; fileRef = 2C040B901E2178A200B7B2C7 /* ViewController.swift */; };
		2C040B931E2178A200B7B2C7 /* Assets.xcassets in Resources */ = {isa = PBXBuildFile; fileRef = 2C040B921E2178A200B7B2C7 /* Assets.xcassets */; };
		2C040B961E2178A200B7B2C7 /* Main.storyboard in Resources */ = {isa = PBXBuildFile; fileRef = 2C040B941E2178A200B7B2C7 /* Main.storyboard */; };
/* End PBXBuildFile section */

/* Begin PBXFileReference section */
		2C040B8B1E2178A200B7B2C7 /* ZDMatrixPopover.app */ = {isa = PBXFileReference; explicitFileType = wrapper.application; includeInIndex = 0; path = ZDMatrixPopover.app; sourceTree = BUILT_PRODUCTS_DIR; };
		2C040B8E1E2178A200B7B2C7 /* AppDelegate.swift */ = {isa = PBXFileReference; lastKnownFileType = sourcecode.swift; path = AppDelegate.swift; sourceTree = "<group>"; };
		2C040B901E2178A200B7B2C7 /* ViewController.swift */ = {isa = PBXFileReference; lastKnownFileType = sourcecode.swift; path = ViewController.swift; sourceTree = "<group>"; };
		2C040B921E2178A200B7B2C7 /* Assets.xcassets */ = {isa = PBXFileReference; lastKnownFileType = folder.assetcatalog; path = Assets.xcassets; sourceTree = "<group>"; };
		2C040B951E2178A200B7B2C7 /* Base */ = {isa = PBXFileReference; lastKnownFileType = file.storyboard; name = Base; path = Base.lproj/Main.storyboard; sourceTree = "<group>"; };
		2C040B971E2178A200B7B2C7 /* Info.plist */ = {isa = PBXFileReference; lastKnownFileType = text.plist.xml; path = Info.plist; sourceTree = "<group>"; };
/* End PBXFileReference section */

/* Begin PBXFrameworksBuildPhase section */
		2C040B881E2178A200B7B2C7 /* Frameworks */ = {
			isa = PBXFrameworksBuildPhase;
			buildActionMask = 2147483647;
			files = (
			);
			runOnlyForDeploymentPostprocessing = 0;
		};
/* End PBXFrameworksBuildPhase section */

/* Begin PBXGroup section */
		2C040B821E2178A200B7B2C7 = {
			isa = PBXGroup;
			children = (
				2C040B8D1E2178A200B7B2C7 /* ZDMatrixPopover */,
				2C040B8C1E2178A200B7B2C7 /* Products */,
			);
			sourceTree = "<group>";
		};
		2C040B8C1E2178A200B7B2C7 /* Products */ = {
			isa = PBXGroup;
			children = (
				2C040B8B1E2178A200B7B2C7 /* ZDMatrixPopover.app */,
			);
			name = Products;
			sourceTree = "<group>";
		};
		2C040B8D1E2178A200B7B2C7 /* ZDMatrixPopover */ = {
			isa = PBXGroup;
			children = (
				2C040B8E1E2178A200B7B2C7 /* AppDelegate.swift */,
				2C040B901E2178A200B7B2C7 /* ViewController.swift */,
				2C040B921E2178A200B7B2C7 /* Assets.xcassets */,
				2C040B941E2178A200B7B2C7 /* Main.storyboard */,
				2C040B971E2178A200B7B2C7 /* Info.plist */,
			);
			path = ZDMatrixPopover;
			sourceTree = "<group>";
		};
/* End PBXGroup section */

/* Begin PBXNativeTarget section */
		2C040B8A1E2178A200B7B2C7 /* ZDMatrixPopover */ = {
			isa = PBXNativeTarget;
			buildConfigurationList = 2C040B9A1E2178A200B7B2C7 /* Build configuration list for PBXNativeTarget "ZDMatrixPopover" */;
			buildPhases = (
				2C040B871E2178A200B7B2C7 /* Sources */,
				2C040B881E2178A200B7B2C7 /* Frameworks */,
				2C040B891E2178A200B7B2C7 /* Resources */,
			);
			buildRules = (
			);
			dependencies = (
			);
			name = ZDMatrixPopover;
			productName = ZDMatrixPopover;
			productReference = 2C040B8B1E2178A200B7B2C7 /* ZDMatrixPopover.app */;
			productType = "com.apple.product-type.application";
		};
/* End PBXNativeTarget section */

/* Begin PBXProject section */
		2C040B831E2178A200B7B2C7 /* Project object */ = {
			isa = PBXProject;
			attributes = {
				LastSwiftUpdateCheck = 0820;
				LastUpgradeCheck = 0820;
				ORGANIZATIONNAME = "Dmitriy Zakharkin";
				TargetAttributes = {
					2C040B8A1E2178A200B7B2C7 = {
						CreatedOnToolsVersion = 8.2.1;
						ProvisioningStyle = Automatic;
					};
				};
			};
			buildConfigurationList = 2C040B861E2178A200B7B2C7 /* Build configuration list for PBXProject "ZDMatrixPopover" */;
			compatibilityVersion = "Xcode 3.2";
			developmentRegion = English;
			hasScannedForEncodings = 0;
			knownRegions = (
				en,
				Base,
			);
			mainGroup = 2C040B821E2178A200B7B2C7;
			productRefGroup = 2C040B8C1E2178A200B7B2C7 /* Products */;
			projectDirPath = "";
			projectRoot = "";
			targets = (
				2C040B8A1E2178A200B7B2C7 /* ZDMatrixPopover */,
			);
		};
/* End PBXProject section */

/* Begin PBXResourcesBuildPhase section */
		2C040B891E2178A200B7B2C7 /* Resources */ = {
			isa = PBXResourcesBuildPhase;
			buildActionMask = 2147483647;
			files = (
				2C040B931E2178A200B7B2C7 /* Assets.xcassets in Resources */,
				2C040B961E2178A200B7B2C7 /* Main.storyboard in Resources */,
			);
			runOnlyForDeploymentPostprocessing = 0;
		};
/* End PBXResourcesBuildPhase section */

/* Begin PBXSourcesBuildPhase section */
		2C040B871E2178A200B7B2C7 /* Sources */ = {
			isa = PBXSourcesBuildPhase;
			buildActionMask = 2147483647;
			files = (
				2C040B911E2178A200B7B2C7 /* ViewController.swift in Sources */,
				2C040B8F1E2178A200B7B2C7 /* AppDelegate.swift in Sources */,
			);
			runOnlyForDeploymentPostprocessing = 0;
		};
/* End PBXSourcesBuildPhase section */

/* Begin PBXVariantGroup section */
		2C040B941E2178A200B7B2C7 /* Main.storyboard */ = {
			isa = PBXVariantGroup;
			children = (
				2C040B951E2178A200B7B2C7 /* Base */,
			);
			name = Main.storyboard;
			sourceTree = "<group>";
		};
/* End PBXVariantGroup section */

/* Begin XCBuildConfiguration section */
		2C040B981E2178A200B7B2C7 /* Debug */ = {
			isa = XCBuildConfiguration;
			buildSettings = {
				ALWAYS_SEARCH_USER_PATHS = NO;
				CLANG_ANALYZER_NONNULL = YES;
				CLANG_CXX_LANGUAGE_STANDARD = "gnu++0x";
				CLANG_CXX_LIBRARY = "libc++";
				CLANG_ENABLE_MODULES = YES;
				CLANG_ENABLE_OBJC_ARC = YES;
				CLANG_WARN_BOOL_CONVERSION = YES;
				CLANG_WARN_CONSTANT_CONVERSION = YES;
				CLANG_WARN_DIRECT_OBJC_ISA_USAGE = YES_ERROR;
				CLANG_WARN_DOCUMENTATION_COMMENTS = YES;
				CLANG_WARN_EMPTY_BODY = YES;
				CLANG_WARN_ENUM_CONVERSION = YES;
				CLANG_WARN_INFINITE_RECURSION = YES;
				CLANG_WARN_INT_CONVERSION = YES;
				CLANG_WARN_OBJC_ROOT_CLASS = YES_ERROR;
				CLANG_WARN_SUSPICIOUS_MOVE = YES;
				CLANG_WARN_UNREACHABLE_CODE = YES;
				CLANG_WARN__DUPLICATE_METHOD_MATCH = YES;
				CODE_SIGN_IDENTITY = "-";
				COPY_PHASE_STRIP = NO;
				DEBUG_INFORMATION_FORMAT = dwarf;
				ENABLE_STRICT_OBJC_MSGSEND = YES;
				ENABLE_TESTABILITY = YES;
				GCC_C_LANGUAGE_STANDARD = gnu99;
				GCC_DYNAMIC_NO_PIC = NO;
				GCC_NO_COMMON_BLOCKS = YES;
				GCC_OPTIMIZATION_LEVEL = 0;
				GCC_PREPROCESSOR_DEFINITIONS = (
					"DEBUG=1",
					"$(inherited)",
				);
				GCC_WARN_64_TO_32_BIT_CONVERSION = YES;
				GCC_WARN_ABOUT_RETURN_TYPE = YES_ERROR;
				GCC_WARN_UNDECLARED_SELECTOR = YES;
				GCC_WARN_UNINITIALIZED_AUTOS = YES_AGGRESSIVE;
				GCC_WARN_UNUSED_FUNCTION = YES;
				GCC_WARN_UNUSED_VARIABLE = YES;
				MACOSX_DEPLOYMENT_TARGET = 10.12;
				MTL_ENABLE_DEBUG_INFO = YES;
				ONLY_ACTIVE_ARCH = YES;
				SDKROOT = macosx;
				SWIFT_ACTIVE_COMPILATION_CONDITIONS = DEBUG;
				SWIFT_OPTIMIZATION_LEVEL = "-Onone";
			};
			name = Debug;
		};
		2C040B991E2178A200B7B2C7 /* Release */ = {
			isa = XCBuildConfiguration;
			buildSettings = {
				ALWAYS_SEARCH_USER_PATHS = NO;
				CLANG_ANALYZER_NONNULL = YES;
				CLANG_CXX_LANGUAGE_STANDARD = "gnu++0x";
				CLANG_CXX_LIBRARY = "libc++";
				CLANG_ENABLE_MODULES = YES;
				CLANG_ENABLE_OBJC_ARC = YES;
				CLANG_WARN_BOOL_CONVERSION = YES;
				CLANG_WARN_CONSTANT_CONVERSION = YES;
				CLANG_WARN_DIRECT_OBJC_ISA_USAGE = YES_ERROR;
				CLANG_WARN_DOCUMENTATION_COMMENTS = YES;
				CLANG_WARN_EMPTY_BODY = YES;
				CLANG_WARN_ENUM_CONVERSION = YES;
				CLANG_WARN_INFINITE_RECURSION = YES;
				CLANG_WARN_INT_CONVERSION = YES;
				CLANG_WARN_OBJC_ROOT_CLASS = YES_ERROR;
				CLANG_WARN_SUSPICIOUS_MOVE = YES;
				CLANG_WARN_UNREACHABLE_CODE = YES;
				CLANG_WARN__DUPLICATE_METHOD_MATCH = YES;
				CODE_SIGN_IDENTITY = "-";
				COPY_PHASE_STRIP = NO;
				DEBUG_INFORMATION_FORMAT = "dwarf-with-dsym";
				ENABLE_NS_ASSERTIONS = NO;
				ENABLE_STRICT_OBJC_MSGSEND = YES;
				GCC_C_LANGUAGE_STANDARD = gnu99;
				GCC_NO_COMMON_BLOCKS = YES;
				GCC_WARN_64_TO_32_BIT_CONVERSION = YES;
				GCC_WARN_ABOUT_RETURN_TYPE = YES_ERROR;
				GCC_WARN_UNDECLARED_SELECTOR = YES;
				GCC_WARN_UNINITIALIZED_AUTOS = YES_AGGRESSIVE;
				GCC_WARN_UNUSED_FUNCTION = YES;
				GCC_WARN_UNUSED_VARIABLE = YES;
				MACOSX_DEPLOYMENT_TARGET = 10.12;
				MTL_ENABLE_DEBUG_INFO = NO;
				SDKROOT = macosx;
				SWIFT_OPTIMIZATION_LEVEL = "-Owholemodule";
			};
			name = Release;
		};
		2C040B9B1E2178A200B7B2C7 /* Debug */ = {
			isa = XCBuildConfiguration;
			buildSettings = {
				ASSETCATALOG_COMPILER_APPICON_NAME = AppIcon;
				COMBINE_HIDPI_IMAGES = YES;
				INFOPLIST_FILE = ZDMatrixPopover/Info.plist;
				LD_RUNPATH_SEARCH_PATHS = "$(inherited) @executable_path/../Frameworks";
				PRODUCT_BUNDLE_IDENTIFIER = net.zdima.ZDMatrixPopover;
				PRODUCT_NAME = "$(TARGET_NAME)";
				SWIFT_VERSION = 3.0;
			};
			name = Debug;
		};
		2C040B9C1E2178A200B7B2C7 /* Release */ = {
			isa = XCBuildConfiguration;
			buildSettings = {
				ASSETCATALOG_COMPILER_APPICON_NAME = AppIcon;
				COMBINE_HIDPI_IMAGES = YES;
				INFOPLIST_FILE = ZDMatrixPopover/Info.plist;
				LD_RUNPATH_SEARCH_PATHS = "$(inherited) @executable_path/../Frameworks";
				PRODUCT_BUNDLE_IDENTIFIER = net.zdima.ZDMatrixPopover;
				PRODUCT_NAME = "$(TARGET_NAME)";
				SWIFT_VERSION = 3.0;
			};
			name = Release;
		};
/* End XCBuildConfiguration section */

/* Begin XCConfigurationList section */
		2C040B861E2178A200B7B2C7 /* Build configuration list for PBXProject "ZDMatrixPopover" */ = {
			isa = XCConfigurationList;
			buildConfigurations = (
				2C040B981E2178A200B7B2C7 /* Debug */,
				2C040B991E2178A200B7B2C7 /* Release */,
			);
			defaultConfigurationIsVisible = 0;
			defaultConfigurationName = Release;
		};
		2C040B9A1E2178A200B7B2C7 /* Build configuration list for PBXNativeTarget "ZDMatrixPopover" */ = {
			isa = XCConfigurationList;
			buildConfigurations = (
				2C040B9B1E2178A200B7B2C7 /* Debug */,
				2C040B9C1E2178A200B7B2C7 /* Release */,
			);
			defaultConfigurationIsVisible = 0;
		};
/* End XCConfigurationList section */
	};
	rootObject = 2C040B831E2178A200B7B2C7 /* Project object */;
}
